
Microsoft Visual Studio Solution File, Format Version 12.00
Project("{FAE04EC0-301F-11D3-BF4B-00C04F79EFBC}") = "Infrastrucutre", "Infrastrucutre\Infrastrucutre.csproj", "{62C67F8B-5F7D-42B4-A471-8D049983B0A7}"
EndProject
Project("{FAE04EC0-301F-11D3-BF4B-00C04F79EFBC}") = "AppCore", "AppCore\AppCore.csproj", "{CFB1B414-1C31-4A35-83CE-E1C74B90E89B}"
EndProject
Project("{FAE04EC0-301F-11D3-BF4B-00C04F79EFBC}") = "WebApi", "WebApi\WebApi.csproj", "{86DB1967-A57C-42C5-B500-B7B6D3351B1E}"
EndProject
Project("{FAE04EC0-301F-11D3-BF4B-00C04F79EFBC}") = "AppCore.Tests", "AppCore.Tests\AppCore.Tests.csproj", "{84EE95D4-0905-4636-A00F-A5AFB30DE0D2}"
EndProject
Global
	GlobalSection(SolutionConfigurationPlatforms) = preSolution
		Debug|Any CPU = Debug|Any CPU
		Release|Any CPU = Release|Any CPU
	EndGlobalSection
	GlobalSection(ProjectConfigurationPlatforms) = postSolution
		{62C67F8B-5F7D-42B4-A471-8D049983B0A7}.Debug|Any CPU.ActiveCfg = Debug|Any CPU
		{62C67F8B-5F7D-42B4-A471-8D049983B0A7}.Debug|Any CPU.Build.0 = Debug|Any CPU
		{62C67F8B-5F7D-42B4-A471-8D049983B0A7}.Release|Any CPU.ActiveCfg = Release|Any CPU
		{62C67F8B-5F7D-42B4-A471-8D049983B0A7}.Release|Any CPU.Build.0 = Release|Any CPU
		{CFB1B414-1C31-4A35-83CE-E1C74B90E89B}.Debug|Any CPU.ActiveCfg = Debug|Any CPU
		{CFB1B414-1C31-4A35-83CE-E1C74B90E89B}.Debug|Any CPU.Build.0 = Debug|Any CPU
		{CFB1B414-1C31-4A35-83CE-E1C74B90E89B}.Release|Any CPU.ActiveCfg = Release|Any CPU
		{CFB1B414-1C31-4A35-83CE-E1C74B90E89B}.Release|Any CPU.Build.0 = Release|Any CPU
		{86DB1967-A57C-42C5-B500-B7B6D3351B1E}.Debug|Any CPU.ActiveCfg = Debug|Any CPU
		{86DB1967-A57C-42C5-B500-B7B6D3351B1E}.Debug|Any CPU.Build.0 = Debug|Any CPU
		{86DB1967-A57C-42C5-B500-B7B6D3351B1E}.Release|Any CPU.ActiveCfg = Release|Any CPU
		{86DB1967-A57C-42C5-B500-B7B6D3351B1E}.Release|Any CPU.Build.0 = Release|Any CPU
		{84EE95D4-0905-4636-A00F-A5AFB30DE0D2}.Debug|Any CPU.ActiveCfg = Debug|Any CPU
		{84EE95D4-0905-4636-A00F-A5AFB30DE0D2}.Debug|Any CPU.Build.0 = Debug|Any CPU
		{84EE95D4-0905-4636-A00F-A5AFB30DE0D2}.Release|Any CPU.ActiveCfg = Release|Any CPU
		{84EE95D4-0905-4636-A00F-A5AFB30DE0D2}.Release|Any CPU.Build.0 = Release|Any CPU
	EndGlobalSection
EndGlobal
